
Microsoft Visual Studio Solution File, Format Version 12.00
# Visual Studio 15
VisualStudioVersion = 15.0.26430.14
MinimumVisualStudioVersion = 10.0.40219.1
Project("{FAE04EC0-301F-11D3-BF4B-00C04F79EFBC}") = "ObserverPattern", "ObserverPattern\ObserverPattern.csproj", "{A59B1D7B-767D-4275-9C4F-54B2F6E769ED}"
EndProject
Project("{FAE04EC0-301F-11D3-BF4B-00C04F79EFBC}") = "DecoratePattern", "DecoratePattern\DecoratePattern.csproj", "{60123F63-B115-486C-B942-E82E5ADCB545}"
EndProject
Project("{FAE04EC0-301F-11D3-BF4B-00C04F79EFBC}") = "FactoryPattern", "FactoryPattern\FactoryPattern.csproj", "{7EFCC278-FCC4-4FAD-8BF5-5ED4A3F61793}"
EndProject
Project("{FAE04EC0-301F-11D3-BF4B-00C04F79EFBC}") = "SinglePattern", "SinglePattern\SinglePattern.csproj", "{622D3B69-08A7-4552-8BDA-66DCEF5914E8}"
EndProject
Project("{FAE04EC0-301F-11D3-BF4B-00C04F79EFBC}") = "CommandPattern", "CommandPattern\CommandPattern.csproj", "{21339A32-4211-43D4-91FE-16A97F743590}"
EndProject
Project("{FAE04EC0-301F-11D3-BF4B-00C04F79EFBC}") = "AdapterPattern", "AdapterPattern\AdapterPattern.csproj", "{664509B6-0E8C-4DE5-8E78-55B70BED0613}"
EndProject
Project("{FAE04EC0-301F-11D3-BF4B-00C04F79EFBC}") = "TemplatePattern", "TemplatePattern\TemplatePattern.csproj", "{8AF0FE96-BA54-4CEC-9C09-7A23E7835788}"
EndProject
Global
	GlobalSection(SolutionConfigurationPlatforms) = preSolution
		Debug|Any CPU = Debug|Any CPU
		Release|Any CPU = Release|Any CPU
	EndGlobalSection
	GlobalSection(ProjectConfigurationPlatforms) = postSolution
		{A59B1D7B-767D-4275-9C4F-54B2F6E769ED}.Debug|Any CPU.ActiveCfg = Debug|Any CPU
		{A59B1D7B-767D-4275-9C4F-54B2F6E769ED}.Debug|Any CPU.Build.0 = Debug|Any CPU
		{A59B1D7B-767D-4275-9C4F-54B2F6E769ED}.Release|Any CPU.ActiveCfg = Release|Any CPU
		{A59B1D7B-767D-4275-9C4F-54B2F6E769ED}.Release|Any CPU.Build.0 = Release|Any CPU
		{60123F63-B115-486C-B942-E82E5ADCB545}.Debug|Any CPU.ActiveCfg = Debug|Any CPU
		{60123F63-B115-486C-B942-E82E5ADCB545}.Debug|Any CPU.Build.0 = Debug|Any CPU
		{60123F63-B115-486C-B942-E82E5ADCB545}.Release|Any CPU.ActiveCfg = Release|Any CPU
		{60123F63-B115-486C-B942-E82E5ADCB545}.Release|Any CPU.Build.0 = Release|Any CPU
		{7EFCC278-FCC4-4FAD-8BF5-5ED4A3F61793}.Debug|Any CPU.ActiveCfg = Debug|Any CPU
		{7EFCC278-FCC4-4FAD-8BF5-5ED4A3F61793}.Debug|Any CPU.Build.0 = Debug|Any CPU
		{7EFCC278-FCC4-4FAD-8BF5-5ED4A3F61793}.Release|Any CPU.ActiveCfg = Release|Any CPU
		{7EFCC278-FCC4-4FAD-8BF5-5ED4A3F61793}.Release|Any CPU.Build.0 = Release|Any CPU
		{622D3B69-08A7-4552-8BDA-66DCEF5914E8}.Debug|Any CPU.ActiveCfg = Debug|Any CPU
		{622D3B69-08A7-4552-8BDA-66DCEF5914E8}.Debug|Any CPU.Build.0 = Debug|Any CPU
		{622D3B69-08A7-4552-8BDA-66DCEF5914E8}.Release|Any CPU.ActiveCfg = Release|Any CPU
		{622D3B69-08A7-4552-8BDA-66DCEF5914E8}.Release|Any CPU.Build.0 = Release|Any CPU
		{21339A32-4211-43D4-91FE-16A97F743590}.Debug|Any CPU.ActiveCfg = Debug|Any CPU
		{21339A32-4211-43D4-91FE-16A97F743590}.Debug|Any CPU.Build.0 = Debug|Any CPU
		{21339A32-4211-43D4-91FE-16A97F743590}.Release|Any CPU.ActiveCfg = Release|Any CPU
		{21339A32-4211-43D4-91FE-16A97F743590}.Release|Any CPU.Build.0 = Release|Any CPU
		{664509B6-0E8C-4DE5-8E78-55B70BED0613}.Debug|Any CPU.ActiveCfg = Debug|Any CPU
		{664509B6-0E8C-4DE5-8E78-55B70BED0613}.Debug|Any CPU.Build.0 = Debug|Any CPU
		{664509B6-0E8C-4DE5-8E78-55B70BED0613}.Release|Any CPU.ActiveCfg = Release|Any CPU
		{664509B6-0E8C-4DE5-8E78-55B70BED0613}.Release|Any CPU.Build.0 = Release|Any CPU
		{8AF0FE96-BA54-4CEC-9C09-7A23E7835788}.Debug|Any CPU.ActiveCfg = Debug|Any CPU
		{8AF0FE96-BA54-4CEC-9C09-7A23E7835788}.Debug|Any CPU.Build.0 = Debug|Any CPU
		{8AF0FE96-BA54-4CEC-9C09-7A23E7835788}.Release|Any CPU.ActiveCfg = Release|Any CPU
		{8AF0FE96-BA54-4CEC-9C09-7A23E7835788}.Release|Any CPU.Build.0 = Release|Any CPU
	EndGlobalSection
	GlobalSection(SolutionProperties) = preSolution
		HideSolutionNode = FALSE
	EndGlobalSection
EndGlobal
